
Microsoft Visual Studio Solution File, Format Version 10.00
# Visual Studio 2008
Project("{D183A3D8-5FD8-494B-B014-37F57B35E655}") = "Autorizador", "Autorizador.dtproj", "{58808FD7-55DD-4F2B-B2D0-60178728508B}"
EndProject
Global
	GlobalSection(SolutionConfigurationPlatforms) = preSolution
		Development|Default = Development|Default
	EndGlobalSection
	GlobalSection(ProjectConfigurationPlatforms) = postSolution
		{58808FD7-55DD-4F2B-B2D0-60178728508B}.Development|Default.ActiveCfg = Development
		{58808FD7-55DD-4F2B-B2D0-60178728508B}.Development|Default.Build.0 = Development
	EndGlobalSection
	GlobalSection(SolutionProperties) = preSolution
		HideSolutionNode = FALSE
	EndGlobalSection
EndGlobal
